
Microsoft Visual Studio Solution File, Format Version 12.00
# Visual Studio Version 17
VisualStudioVersion = 17.9.34622.214
MinimumVisualStudioVersion = 10.0.40219.1
Project("{FAE04EC0-301F-11D3-BF4B-00C04F79EFBC}") = "Villa.WebUI", "Villa.WebUI\Villa.WebUI.csproj", "{034213F7-EE79-40F0-B1A9-E051B7C8AB87}"
EndProject
Project("{FAE04EC0-301F-11D3-BF4B-00C04F79EFBC}") = "Villa.Entity", "Villa.Entity\Villa.Entity.csproj", "{D09E09DD-54C0-452E-BEF3-EC0AF571D285}"
EndProject
Project("{FAE04EC0-301F-11D3-BF4B-00C04F79EFBC}") = "Villa.DataAccess", "Villa.DataAccess\Villa.DataAccess.csproj", "{3DD4E5FB-3943-4CA6-8A82-F6FD38E29E98}"
EndProject
Project("{FAE04EC0-301F-11D3-BF4B-00C04F79EFBC}") = "Villa.Business", "Villa.Business\Villa.Business.csproj", "{36899835-0DE3-4861-A939-1DF48B888F82}"
EndProject
Project("{FAE04EC0-301F-11D3-BF4B-00C04F79EFBC}") = "Villa.Dto", "Villa.Dto\Villa.Dto.csproj", "{394BEBFE-4640-41C3-9EFE-427062907A64}"
EndProject
Global
	GlobalSection(SolutionConfigurationPlatforms) = preSolution
		Debug|Any CPU = Debug|Any CPU
		Release|Any CPU = Release|Any CPU
	EndGlobalSection
	GlobalSection(ProjectConfigurationPlatforms) = postSolution
		{034213F7-EE79-40F0-B1A9-E051B7C8AB87}.Debug|Any CPU.ActiveCfg = Debug|Any CPU
		{034213F7-EE79-40F0-B1A9-E051B7C8AB87}.Debug|Any CPU.Build.0 = Debug|Any CPU
		{034213F7-EE79-40F0-B1A9-E051B7C8AB87}.Release|Any CPU.ActiveCfg = Release|Any CPU
		{034213F7-EE79-40F0-B1A9-E051B7C8AB87}.Release|Any CPU.Build.0 = Release|Any CPU
		{D09E09DD-54C0-452E-BEF3-EC0AF571D285}.Debug|Any CPU.ActiveCfg = Debug|Any CPU
		{D09E09DD-54C0-452E-BEF3-EC0AF571D285}.Debug|Any CPU.Build.0 = Debug|Any CPU
		{D09E09DD-54C0-452E-BEF3-EC0AF571D285}.Release|Any CPU.ActiveCfg = Release|Any CPU
		{D09E09DD-54C0-452E-BEF3-EC0AF571D285}.Release|Any CPU.Build.0 = Release|Any CPU
		{3DD4E5FB-3943-4CA6-8A82-F6FD38E29E98}.Debug|Any CPU.ActiveCfg = Debug|Any CPU
		{3DD4E5FB-3943-4CA6-8A82-F6FD38E29E98}.Debug|Any CPU.Build.0 = Debug|Any CPU
		{3DD4E5FB-3943-4CA6-8A82-F6FD38E29E98}.Release|Any CPU.ActiveCfg = Release|Any CPU
		{3DD4E5FB-3943-4CA6-8A82-F6FD38E29E98}.Release|Any CPU.Build.0 = Release|Any CPU
		{36899835-0DE3-4861-A939-1DF48B888F82}.Debug|Any CPU.ActiveCfg = Debug|Any CPU
		{36899835-0DE3-4861-A939-1DF48B888F82}.Debug|Any CPU.Build.0 = Debug|Any CPU
		{36899835-0DE3-4861-A939-1DF48B888F82}.Release|Any CPU.ActiveCfg = Release|Any CPU
		{36899835-0DE3-4861-A939-1DF48B888F82}.Release|Any CPU.Build.0 = Release|Any CPU
		{394BEBFE-4640-41C3-9EFE-427062907A64}.Debug|Any CPU.ActiveCfg = Debug|Any CPU
		{394BEBFE-4640-41C3-9EFE-427062907A64}.Debug|Any CPU.Build.0 = Debug|Any CPU
		{394BEBFE-4640-41C3-9EFE-427062907A64}.Release|Any CPU.ActiveCfg = Release|Any CPU
		{394BEBFE-4640-41C3-9EFE-427062907A64}.Release|Any CPU.Build.0 = Release|Any CPU
	EndGlobalSection
	GlobalSection(SolutionProperties) = preSolution
		HideSolutionNode = FALSE
	EndGlobalSection
	GlobalSection(ExtensibilityGlobals) = postSolution
		SolutionGuid = {F95231C9-8F8E-45DB-BBDF-5C77506BFFD3}
	EndGlobalSection
EndGlobal
